// !$*UTF8*$!
{
	archiveVersion = 1;
	classes = {
	};
	objectVersion = 50;
	objects = {

/* Begin PBXBuildFile section */
		D878E78E2526CDC600D332AA /* StripperApp.swift in Sources */ = {isa = PBXBuildFile; fileRef = D878E78D2526CDC600D332AA /* StripperApp.swift */; };
		D878E7902526CDC600D332AA /* ContentView.swift in Sources */ = {isa = PBXBuildFile; fileRef = D878E78F2526CDC600D332AA /* ContentView.swift */; };
		D878E7922526CDC700D332AA /* Assets.xcassets in Resources */ = {isa = PBXBuildFile; fileRef = D878E7912526CDC700D332AA /* Assets.xcassets */; };
		D878E7952526CDC700D332AA /* Preview Assets.xcassets in Resources */ = {isa = PBXBuildFile; fileRef = D878E7942526CDC700D332AA /* Preview Assets.xcassets */; };
		D878E79D2526CECA00D332AA /* ExifTool.swift in Sources */ = {isa = PBXBuildFile; fileRef = D878E79C2526CECA00D332AA /* ExifTool.swift */; };
		D878E79F2526D5D800D332AA /* ImagePickerView.swift in Sources */ = {isa = PBXBuildFile; fileRef = D878E79E2526D5D800D332AA /* ImagePickerView.swift */; };
/* End PBXBuildFile section */

/* Begin PBXFileReference section */
		D878E78A2526CDC600D332AA /* Stripper.app */ = {isa = PBXFileReference; explicitFileType = wrapper.application; includeInIndex = 0; path = Stripper.app; sourceTree = BUILT_PRODUCTS_DIR; };
		D878E78D2526CDC600D332AA /* StripperApp.swift */ = {isa = PBXFileReference; lastKnownFileType = sourcecode.swift; path = StripperApp.swift; sourceTree = "<group>"; };
		D878E78F2526CDC600D332AA /* ContentView.swift */ = {isa = PBXFileReference; lastKnownFileType = sourcecode.swift; path = ContentView.swift; sourceTree = "<group>"; };
		D878E7912526CDC700D332AA /* Assets.xcassets */ = {isa = PBXFileReference; lastKnownFileType = folder.assetcatalog; path = Assets.xcassets; sourceTree = "<group>"; };
		D878E7942526CDC700D332AA /* Preview Assets.xcassets */ = {isa = PBXFileReference; lastKnownFileType = folder.assetcatalog; path = "Preview Assets.xcassets"; sourceTree = "<group>"; };
		D878E7962526CDC700D332AA /* Info.plist */ = {isa = PBXFileReference; lastKnownFileType = text.plist.xml; path = Info.plist; sourceTree = "<group>"; };
		D878E79C2526CECA00D332AA /* ExifTool.swift */ = {isa = PBXFileReference; lastKnownFileType = sourcecode.swift; path = ExifTool.swift; sourceTree = "<group>"; };
		D878E79E2526D5D800D332AA /* ImagePickerView.swift */ = {isa = PBXFileReference; fileEncoding = 4; lastKnownFileType = sourcecode.swift; path = ImagePickerView.swift; sourceTree = "<group>"; };
/* End PBXFileReference section */

/* Begin PBXFrameworksBuildPhase section */
		D878E7872526CDC600D332AA /* Frameworks */ = {
			isa = PBXFrameworksBuildPhase;
			buildActionMask = 2147483647;
			files = (
			);
			runOnlyForDeploymentPostprocessing = 0;
		};
/* End PBXFrameworksBuildPhase section */

/* Begin PBXGroup section */
		D878E7812526CDC600D332AA = {
			isa = PBXGroup;
			children = (
				D878E78C2526CDC600D332AA /* Stripper */,
				D878E78B2526CDC600D332AA /* Products */,
			);
			sourceTree = "<group>";
		};
		D878E78B2526CDC600D332AA /* Products */ = {
			isa = PBXGroup;
			children = (
				D878E78A2526CDC600D332AA /* Stripper.app */,
			);
			name = Products;
			sourceTree = "<group>";
		};
		D878E78C2526CDC600D332AA /* Stripper */ = {
			isa = PBXGroup;
			children = (
				D878E79E2526D5D800D332AA /* ImagePickerView.swift */,
				D878E78D2526CDC600D332AA /* StripperApp.swift */,
				D878E78F2526CDC600D332AA /* ContentView.swift */,
				D878E7912526CDC700D332AA /* Assets.xcassets */,
				D878E7962526CDC700D332AA /* Info.plist */,
				D878E7932526CDC700D332AA /* Preview Content */,
				D878E79C2526CECA00D332AA /* ExifTool.swift */,
			);
			path = Stripper;
			sourceTree = "<group>";
		};
		D878E7932526CDC700D332AA /* Preview Content */ = {
			isa = PBXGroup;
			children = (
				D878E7942526CDC700D332AA /* Preview Assets.xcassets */,
			);
			path = "Preview Content";
			sourceTree = "<group>";
		};
/* End PBXGroup section */

/* Begin PBXNativeTarget section */
		D878E7892526CDC600D332AA /* Stripper */ = {
			isa = PBXNativeTarget;
			buildConfigurationList = D878E7992526CDC700D332AA /* Build configuration list for PBXNativeTarget "Stripper" */;
			buildPhases = (
				D878E7862526CDC600D332AA /* Sources */,
				D878E7872526CDC600D332AA /* Frameworks */,
				D878E7882526CDC600D332AA /* Resources */,
			);
			buildRules = (
			);
			dependencies = (
			);
			name = Stripper;
			productName = Stripper;
			productReference = D878E78A2526CDC600D332AA /* Stripper.app */;
			productType = "com.apple.product-type.application";
		};
/* End PBXNativeTarget section */

/* Begin PBXProject section */
		D878E7822526CDC600D332AA /* Project object */ = {
			isa = PBXProject;
			attributes = {
				LastSwiftUpdateCheck = 1200;
				LastUpgradeCheck = 1200;
				TargetAttributes = {
					D878E7892526CDC600D332AA = {
						CreatedOnToolsVersion = 12.0;
					};
				};
			};
			buildConfigurationList = D878E7852526CDC600D332AA /* Build configuration list for PBXProject "Stripper" */;
			compatibilityVersion = "Xcode 9.3";
			developmentRegion = en;
			hasScannedForEncodings = 0;
			knownRegions = (
				en,
				Base,
			);
			mainGroup = D878E7812526CDC600D332AA;
			productRefGroup = D878E78B2526CDC600D332AA /* Products */;
			projectDirPath = "";
			projectRoot = "";
			targets = (
				D878E7892526CDC600D332AA /* Stripper */,
			);
		};
/* End PBXProject section */

/* Begin PBXResourcesBuildPhase section */
		D878E7882526CDC600D332AA /* Resources */ = {
			isa = PBXResourcesBuildPhase;
			buildActionMask = 2147483647;
			files = (
				D878E7952526CDC700D332AA /* Preview Assets.xcassets in Resources */,
				D878E7922526CDC700D332AA /* Assets.xcassets in Resources */,
			);
			runOnlyForDeploymentPostprocessing = 0;
		};
/* End PBXResourcesBuildPhase section */

/* Begin PBXSourcesBuildPhase section */
		D878E7862526CDC600D332AA /* Sources */ = {
			isa = PBXSourcesBuildPhase;
			buildActionMask = 2147483647;
			files = (
				D878E79F2526D5D800D332AA /* ImagePickerView.swift in Sources */,
				D878E7902526CDC600D332AA /* ContentView.swift in Sources */,
				D878E79D2526CECA00D332AA /* ExifTool.swift in Sources */,
				D878E78E2526CDC600D332AA /* StripperApp.swift in Sources */,
			);
			runOnlyForDeploymentPostprocessing = 0;
		};
/* End PBXSourcesBuildPhase section */

/* Begin XCBuildConfiguration section */
		D878E7972526CDC700D332AA /* Debug */ = {
			isa = XCBuildConfiguration;
			buildSettings = {
				ALWAYS_SEARCH_USER_PATHS = NO;
				CLANG_ANALYZER_NONNULL = YES;
				CLANG_ANALYZER_NUMBER_OBJECT_CONVERSION = YES_AGGRESSIVE;
				CLANG_CXX_LANGUAGE_STANDARD = "gnu++14";
				CLANG_CXX_LIBRARY = "libc++";
				CLANG_ENABLE_MODULES = YES;
				CLANG_ENABLE_OBJC_ARC = YES;
				CLANG_ENABLE_OBJC_WEAK = YES;
				CLANG_WARN_BLOCK_CAPTURE_AUTORELEASING = YES;
				CLANG_WARN_BOOL_CONVERSION = YES;
				CLANG_WARN_COMMA = YES;
				CLANG_WARN_CONSTANT_CONVERSION = YES;
				CLANG_WARN_DEPRECATED_OBJC_IMPLEMENTATIONS = YES;
				CLANG_WARN_DIRECT_OBJC_ISA_USAGE = YES_ERROR;
				CLANG_WARN_DOCUMENTATION_COMMENTS = YES;
				CLANG_WARN_EMPTY_BODY = YES;
				CLANG_WARN_ENUM_CONVERSION = YES;
				CLANG_WARN_INFINITE_RECURSION = YES;
				CLANG_WARN_INT_CONVERSION = YES;
				CLANG_WARN_NON_LITERAL_NULL_CONVERSION = YES;
				CLANG_WARN_OBJC_IMPLICIT_RETAIN_SELF = YES;
				CLANG_WARN_OBJC_LITERAL_CONVERSION = YES;
				CLANG_WARN_OBJC_ROOT_CLASS = YES_ERROR;
				CLANG_WARN_QUOTED_INCLUDE_IN_FRAMEWORK_HEADER = YES;
				CLANG_WARN_RANGE_LOOP_ANALYSIS = YES;
				CLANG_WARN_STRICT_PROTOTYPES = YES;
				CLANG_WARN_SUSPICIOUS_MOVE = YES;
				CLANG_WARN_UNGUARDED_AVAILABILITY = YES_AGGRESSIVE;
				CLANG_WARN_UNREACHABLE_CODE = YES;
				CLANG_WARN__DUPLICATE_METHOD_MATCH = YES;
				COPY_PHASE_STRIP = NO;
				DEBUG_INFORMATION_FORMAT = dwarf;
				ENABLE_STRICT_OBJC_MSGSEND = YES;
				ENABLE_TESTABILITY = YES;
				GCC_C_LANGUAGE_STANDARD = gnu11;
				GCC_DYNAMIC_NO_PIC = NO;
				GCC_NO_COMMON_BLOCKS = YES;
				GCC_OPTIMIZATION_LEVEL = 0;
				GCC_PREPROCESSOR_DEFINITIONS = (
					"DEBUG=1",
					"$(inherited)",
				);
				GCC_WARN_64_TO_32_BIT_CONVERSION = YES;
				GCC_WARN_ABOUT_RETURN_TYPE = YES_ERROR;
				GCC_WARN_UNDECLARED_SELECTOR = YES;
				GCC_WARN_UNINITIALIZED_AUTOS = YES_AGGRESSIVE;
				GCC_WARN_UNUSED_FUNCTION = YES;
				GCC_WARN_UNUSED_VARIABLE = YES;
				IPHONEOS_DEPLOYMENT_TARGET = 14.0;
				MTL_ENABLE_DEBUG_INFO = INCLUDE_SOURCE;
				MTL_FAST_MATH = YES;
				ONLY_ACTIVE_ARCH = YES;
				SDKROOT = iphoneos;
				SWIFT_ACTIVE_COMPILATION_CONDITIONS = DEBUG;
				SWIFT_OPTIMIZATION_LEVEL = "-Onone";
			};
			name = Debug;
		};
		D878E7982526CDC700D332AA /* Release */ = {
			isa = XCBuildConfiguration;
			buildSettings = {
				ALWAYS_SEARCH_USER_PATHS = NO;
				CLANG_ANALYZER_NONNULL = YES;
				CLANG_ANALYZER_NUMBER_OBJECT_CONVERSION = YES_AGGRESSIVE;
				CLANG_CXX_LANGUAGE_STANDARD = "gnu++14";
				CLANG_CXX_LIBRARY = "libc++";
				CLANG_ENABLE_MODULES = YES;
				CLANG_ENABLE_OBJC_ARC = YES;
				CLANG_ENABLE_OBJC_WEAK = YES;
				CLANG_WARN_BLOCK_CAPTURE_AUTORELEASING = YES;
				CLANG_WARN_BOOL_CONVERSION = YES;
				CLANG_WARN_COMMA = YES;
				CLANG_WARN_CONSTANT_CONVERSION = YES;
				CLANG_WARN_DEPRECATED_OBJC_IMPLEMENTATIONS = YES;
				CLANG_WARN_DIRECT_OBJC_ISA_USAGE = YES_ERROR;
				CLANG_WARN_DOCUMENTATION_COMMENTS = YES;
				CLANG_WARN_EMPTY_BODY = YES;
				CLANG_WARN_ENUM_CONVERSION = YES;
				CLANG_WARN_INFINITE_RECURSION = YES;
				CLANG_WARN_INT_CONVERSION = YES;
				CLANG_WARN_NON_LITERAL_NULL_CONVERSION = YES;
				CLANG_WARN_OBJC_IMPLICIT_RETAIN_SELF = YES;
				CLANG_WARN_OBJC_LITERAL_CONVERSION = YES;
				CLANG_WARN_OBJC_ROOT_CLASS = YES_ERROR;
				CLANG_WARN_QUOTED_INCLUDE_IN_FRAMEWORK_HEADER = YES;
				CLANG_WARN_RANGE_LOOP_ANALYSIS = YES;
				CLANG_WARN_STRICT_PROTOTYPES = YES;
				CLANG_WARN_SUSPICIOUS_MOVE = YES;
				CLANG_WARN_UNGUARDED_AVAILABILITY = YES_AGGRESSIVE;
				CLANG_WARN_UNREACHABLE_CODE = YES;
				CLANG_WARN__DUPLICATE_METHOD_MATCH = YES;
				COPY_PHASE_STRIP = NO;
				DEBUG_INFORMATION_FORMAT = "dwarf-with-dsym";
				ENABLE_NS_ASSERTIONS = NO;
				ENABLE_STRICT_OBJC_MSGSEND = YES;
				GCC_C_LANGUAGE_STANDARD = gnu11;
				GCC_NO_COMMON_BLOCKS = YES;
				GCC_WARN_64_TO_32_BIT_CONVERSION = YES;
				GCC_WARN_ABOUT_RETURN_TYPE = YES_ERROR;
				GCC_WARN_UNDECLARED_SELECTOR = YES;
				GCC_WARN_UNINITIALIZED_AUTOS = YES_AGGRESSIVE;
				GCC_WARN_UNUSED_FUNCTION = YES;
				GCC_WARN_UNUSED_VARIABLE = YES;
				IPHONEOS_DEPLOYMENT_TARGET = 14.0;
				MTL_ENABLE_DEBUG_INFO = NO;
				MTL_FAST_MATH = YES;
				SDKROOT = iphoneos;
				SWIFT_COMPILATION_MODE = wholemodule;
				SWIFT_OPTIMIZATION_LEVEL = "-O";
				VALIDATE_PRODUCT = YES;
			};
			name = Release;
		};
		D878E79A2526CDC700D332AA /* Debug */ = {
			isa = XCBuildConfiguration;
			buildSettings = {
				ASSETCATALOG_COMPILER_APPICON_NAME = AppIcon;
				ASSETCATALOG_COMPILER_GLOBAL_ACCENT_COLOR_NAME = AccentColor;
				CODE_SIGN_STYLE = Automatic;
				DEVELOPMENT_ASSET_PATHS = "\"Stripper/Preview Content\"";
				DEVELOPMENT_TEAM = D44Y5BBJ48;
				ENABLE_PREVIEWS = YES;
				INFOPLIST_FILE = Stripper/Info.plist;
				IPHONEOS_DEPLOYMENT_TARGET = 14.0;
				LD_RUNPATH_SEARCH_PATHS = (
					"$(inherited)",
					"@executable_path/Frameworks",
				);
				PRODUCT_BUNDLE_IDENTIFIER = me.jdiggity.Stripper;
				PRODUCT_NAME = "$(TARGET_NAME)";
				SWIFT_VERSION = 5.0;
				TARGETED_DEVICE_FAMILY = "1,2";
			};
			name = Debug;
		};
		D878E79B2526CDC700D332AA /* Release */ = {
			isa = XCBuildConfiguration;
			buildSettings = {
				ASSETCATALOG_COMPILER_APPICON_NAME = AppIcon;
				ASSETCATALOG_COMPILER_GLOBAL_ACCENT_COLOR_NAME = AccentColor;
				CODE_SIGN_STYLE = Automatic;
				DEVELOPMENT_ASSET_PATHS = "\"Stripper/Preview Content\"";
				DEVELOPMENT_TEAM = D44Y5BBJ48;
				ENABLE_PREVIEWS = YES;
				INFOPLIST_FILE = Stripper/Info.plist;
				IPHONEOS_DEPLOYMENT_TARGET = 14.0;
				LD_RUNPATH_SEARCH_PATHS = (
					"$(inherited)",
					"@executable_path/Frameworks",
				);
				PRODUCT_BUNDLE_IDENTIFIER = me.jdiggity.Stripper;
				PRODUCT_NAME = "$(TARGET_NAME)";
				SWIFT_VERSION = 5.0;
				TARGETED_DEVICE_FAMILY = "1,2";
			};
			name = Release;
		};
/* End XCBuildConfiguration section */

/* Begin XCConfigurationList section */
		D878E7852526CDC600D332AA /* Build configuration list for PBXProject "Stripper" */ = {
			isa = XCConfigurationList;
			buildConfigurations = (
				D878E7972526CDC700D332AA /* Debug */,
				D878E7982526CDC700D332AA /* Release */,
			);
			defaultConfigurationIsVisible = 0;
			defaultConfigurationName = Release;
		};
		D878E7992526CDC700D332AA /* Build configuration list for PBXNativeTarget "Stripper" */ = {
			isa = XCConfigurationList;
			buildConfigurations = (
				D878E79A2526CDC700D332AA /* Debug */,
				D878E79B2526CDC700D332AA /* Release */,
			);
			defaultConfigurationIsVisible = 0;
			defaultConfigurationName = Release;
		};
/* End XCConfigurationList section */
	};
	rootObject = D878E7822526CDC600D332AA /* Project object */;
}
